schema: '2.0'
stages:
  get-data:
    cmd: python src/get_data.py --output_folder outs/data
    deps:
    - path: src/get_data.py
      md5: 74f00e6094a1aca03b21b5e88554df79
      size: 2009
    params:
      params.yaml:
        data:
          repo: iterative/dvc
          labels:
          - data-sync
          - experiments
          - plots
          since: 2021/01/01
          until: 2022/05/01
          output_folder: outs/data
          metrics_file: outs/data_metrics.json
    outs:
    - path: outs/data
      md5: 2e944cb029e99fbe8772444f96dae7fb.dir
      size: 8436
      nfiles: 160
    - path: outs/data_metrics.json
      md5: a42c7e6fc31ddabd507d0ff670d926e3
      size: 67
  split-data:
    cmd: python src/split_data.py outs/data outs/split 0.1 outs/split_metrics.json
    deps:
    - path: outs/data
      md5: 2e944cb029e99fbe8772444f96dae7fb.dir
      size: 8436
      nfiles: 160
    - path: src/split_data.py
      md5: 4257c1dd971b77407f5e86af0e0edd4d
      size: 2248
    outs:
    - path: outs/split
      md5: 80977235b21dbb998f0f91bab3c0625b.dir
      size: 12620
      nfiles: 2
    - path: outs/split_metrics.json
      md5: 09ce6565c9b650e80cb6c27fa2842e21
      size: 166
  compute-data-metrics:
    cmd: python src/compute_data_metrics.py --input_folder outs/data --output_metrics_file
      outs/data_metrics.json
    deps:
    - path: outs/data
      md5: ee718b82fa4b349030b0d118f6ad4eb0.dir
      size: 7726
      nfiles: 149
    - path: src/compute_data_metrics.py
      md5: 2667ba0ed4ea950a2c77df60a2921429
      size: 566
    outs:
    - path: outs/data_metrics.json
      md5: b47806515a30f27fc1bb228bc1389a1f
      size: 63
  train:
    cmd: python src/train.py outs/split outs/train
    deps:
    - path: outs/split
      md5: 80977235b21dbb998f0f91bab3c0625b.dir
      size: 12620
      nfiles: 2
    - path: src/train.py
      md5: 88cd88d5ff2ff67ee5764e24998f7d6f
      size: 2604
    params:
      params.yaml:
        data.labels:
        - data-sync
        - experiments
        - plots
        train:
          output_folder: outs/train
          metrics_folder: outs/train_metrics
          pretrained_model: MoritzLaurer/xtremedistil-l6-h256-mnli-fever-anli-ling-binary
          epochs: 10
    outs:
    - path: outs/train
      md5: ce1b6bbf1d1dc3ffd513aeebb719a406.dir
      size: 51985936
      nfiles: 7
    - path: outs/train_metrics
      md5: b65aebc1b095f51fe0d41f5abf49c4df.dir
      size: 2063
      nfiles: 10
    - path: outs/train_metrics.json
      md5: 28897340940aa3c9d7c357b0ad8d5a97
      size: 364
  eval:
    cmd: python src/eval.py outs/split/val.json outs/train outs/eval
    deps:
    - path: outs/split/val.json
      md5: 6558d7475bec00bc113892f0349e603e
      size: 1251
    - path: outs/train
      md5: ce1b6bbf1d1dc3ffd513aeebb719a406.dir
      size: 51985936
      nfiles: 7
    - path: src/eval.py
      md5: f733df5cfaaef682afcc65babff16c06
      size: 1017
    - path: src/inference.py
      md5: 0c3515e93bb2377cc71dd6086c9d1010
      size: 626
    params:
      params.yaml:
        data.labels:
        - data-sync
        - experiments
        - plots
    outs:
    - path: outs/eval/plots/confusion_matrix.json
      md5: d073cfaeeab4b1ea51e81f08c5c5f978
      size: 1317
